
Microsoft Visual Studio Solution File, Format Version 12.00
# Visual Studio Version 17
VisualStudioVersion = 17.10.35122.118
MinimumVisualStudioVersion = 10.0.40219.1
Project("{9A19103F-16F7-4668-BE54-9A1E7A4F7556}") = "UltraGroup", "UltraGroup\UltraGroup.csproj", "{FC8A7C13-52CC-4653-9155-4BB6317AC031}"
EndProject
Project("{2150E333-8FDC-42A3-9474-1A3956D46DE8}") = "Domain", "Domain", "{FA8370E3-4A9E-4D11-9BAC-735D7FBCA1B1}"
EndProject
Project("{2150E333-8FDC-42A3-9474-1A3956D46DE8}") = "Application", "Application", "{26953543-F38B-4FD8-AD1C-CE56BD0D696E}"
EndProject
Project("{2150E333-8FDC-42A3-9474-1A3956D46DE8}") = "Infrastructure", "Infrastructure", "{F794174B-9085-46A7-83F9-4CC5818E65FA}"
EndProject
Project("{2150E333-8FDC-42A3-9474-1A3956D46DE8}") = "Presentation", "Presentation", "{66CDB305-1D8F-4F0C-8E67-1D7603F6AFD2}"
EndProject
Project("{9A19103F-16F7-4668-BE54-9A1E7A4F7556}") = "Domain.Core", "Domain.Entities\Domain.Core.csproj", "{EEFF1685-A6D9-4BC6-A7D6-A8A3F0473541}"
EndProject
Project("{9A19103F-16F7-4668-BE54-9A1E7A4F7556}") = "Domain.Contracts", "Domain.Contracts\Domain.Contracts.csproj", "{E143E3E7-ADF9-4605-B066-41F3D62FD758}"
EndProject
Project("{9A19103F-16F7-4668-BE54-9A1E7A4F7556}") = "Infrastructure.Data.Core", "Infrastructure.Data.Core\Infrastructure.Data.Core.csproj", "{B20DFCB5-1949-4EE2-B002-B2B556D15190}"
EndProject
Project("{2150E333-8FDC-42A3-9474-1A3956D46DE8}") = "Data", "Data", "{9E5AD20E-5FDC-4E74-B488-9C5DDA2BFF77}"
EndProject
Project("{9A19103F-16F7-4668-BE54-9A1E7A4F7556}") = "Infrastructure.Data.Implementation", "Infrastructure.Data.Implementation\Infrastructure.Data.Implementation.csproj", "{6E2D886C-1AFB-46A6-A498-F045F8E9F733}"
EndProject
Project("{9A19103F-16F7-4668-BE54-9A1E7A4F7556}") = "Infrastructure.Data.Repositories", "Infrastructure.Data.Repositories\Infrastructure.Data.Repositories.csproj", "{B76B098D-B6CF-483A-80AF-C750CE6E39BE}"
EndProject
Project("{2150E333-8FDC-42A3-9474-1A3956D46DE8}") = "Transversal", "Transversal", "{AB96FE29-CB23-42FE-A369-1D8151074D50}"
EndProject
Project("{9A19103F-16F7-4668-BE54-9A1E7A4F7556}") = "Infrastructure.Transversal.Utilitarios.IoC", "Infrastructure.Transversal.Utilitarios.IoC\Infrastructure.Transversal.Utilitarios.IoC.csproj", "{AE59C48C-B502-430A-939B-40C58583648D}"
EndProject
Project("{9A19103F-16F7-4668-BE54-9A1E7A4F7556}") = "Application.Core", "Application.Core\Application.Core.csproj", "{A6324956-739D-417F-9952-1D44A3667BBE}"
EndProject
Project("{9A19103F-16F7-4668-BE54-9A1E7A4F7556}") = "Application.Contracts", "Application.Contracts\Application.Contracts.csproj", "{0791EAF1-789C-499C-8351-230F06BE01D1}"
EndProject
Project("{9A19103F-16F7-4668-BE54-9A1E7A4F7556}") = "Application.Implementation", "Application.Implementation\Application.Implementation.csproj", "{5B2095DC-B30A-43B6-84B8-81BE38F80AF0}"
EndProject
Project("{2150E333-8FDC-42A3-9474-1A3956D46DE8}") = "Test", "Test", "{053D9BA7-C0C9-4A35-88CD-3069707D3B30}"
EndProject
Project("{9A19103F-16F7-4668-BE54-9A1E7A4F7556}") = "UnitTest", "UnitTest\UnitTest.csproj", "{50FE7E76-EF4F-4621-BFE4-2A2F86C51407}"
EndProject
Project("{9A19103F-16F7-4668-BE54-9A1E7A4F7556}") = "IntegrationTest", "IntegrationTest\IntegrationTest.csproj", "{1EF934AF-981D-4E85-950A-08331623E1AA}"
EndProject
Project("{E53339B2-1760-4266-BCC7-CA923CBCF16C}") = "docker-compose", "docker-compose.dcproj", "{2DF0F6D9-A85D-4825-A0DA-C11F90F02646}"
EndProject
Global
	GlobalSection(SolutionConfigurationPlatforms) = preSolution
		Debug|Any CPU = Debug|Any CPU
		Release|Any CPU = Release|Any CPU
	EndGlobalSection
	GlobalSection(ProjectConfigurationPlatforms) = postSolution
		{FC8A7C13-52CC-4653-9155-4BB6317AC031}.Debug|Any CPU.ActiveCfg = Debug|Any CPU
		{FC8A7C13-52CC-4653-9155-4BB6317AC031}.Debug|Any CPU.Build.0 = Debug|Any CPU
		{FC8A7C13-52CC-4653-9155-4BB6317AC031}.Release|Any CPU.ActiveCfg = Release|Any CPU
		{FC8A7C13-52CC-4653-9155-4BB6317AC031}.Release|Any CPU.Build.0 = Release|Any CPU
		{EEFF1685-A6D9-4BC6-A7D6-A8A3F0473541}.Debug|Any CPU.ActiveCfg = Debug|Any CPU
		{EEFF1685-A6D9-4BC6-A7D6-A8A3F0473541}.Debug|Any CPU.Build.0 = Debug|Any CPU
		{EEFF1685-A6D9-4BC6-A7D6-A8A3F0473541}.Release|Any CPU.ActiveCfg = Release|Any CPU
		{EEFF1685-A6D9-4BC6-A7D6-A8A3F0473541}.Release|Any CPU.Build.0 = Release|Any CPU
		{E143E3E7-ADF9-4605-B066-41F3D62FD758}.Debug|Any CPU.ActiveCfg = Debug|Any CPU
		{E143E3E7-ADF9-4605-B066-41F3D62FD758}.Debug|Any CPU.Build.0 = Debug|Any CPU
		{E143E3E7-ADF9-4605-B066-41F3D62FD758}.Release|Any CPU.ActiveCfg = Release|Any CPU
		{E143E3E7-ADF9-4605-B066-41F3D62FD758}.Release|Any CPU.Build.0 = Release|Any CPU
		{B20DFCB5-1949-4EE2-B002-B2B556D15190}.Debug|Any CPU.ActiveCfg = Debug|Any CPU
		{B20DFCB5-1949-4EE2-B002-B2B556D15190}.Debug|Any CPU.Build.0 = Debug|Any CPU
		{B20DFCB5-1949-4EE2-B002-B2B556D15190}.Release|Any CPU.ActiveCfg = Release|Any CPU
		{B20DFCB5-1949-4EE2-B002-B2B556D15190}.Release|Any CPU.Build.0 = Release|Any CPU
		{6E2D886C-1AFB-46A6-A498-F045F8E9F733}.Debug|Any CPU.ActiveCfg = Debug|Any CPU
		{6E2D886C-1AFB-46A6-A498-F045F8E9F733}.Debug|Any CPU.Build.0 = Debug|Any CPU
		{6E2D886C-1AFB-46A6-A498-F045F8E9F733}.Release|Any CPU.ActiveCfg = Release|Any CPU
		{6E2D886C-1AFB-46A6-A498-F045F8E9F733}.Release|Any CPU.Build.0 = Release|Any CPU
		{B76B098D-B6CF-483A-80AF-C750CE6E39BE}.Debug|Any CPU.ActiveCfg = Debug|Any CPU
		{B76B098D-B6CF-483A-80AF-C750CE6E39BE}.Debug|Any CPU.Build.0 = Debug|Any CPU
		{B76B098D-B6CF-483A-80AF-C750CE6E39BE}.Release|Any CPU.ActiveCfg = Release|Any CPU
		{B76B098D-B6CF-483A-80AF-C750CE6E39BE}.Release|Any CPU.Build.0 = Release|Any CPU
		{AE59C48C-B502-430A-939B-40C58583648D}.Debug|Any CPU.ActiveCfg = Debug|Any CPU
		{AE59C48C-B502-430A-939B-40C58583648D}.Debug|Any CPU.Build.0 = Debug|Any CPU
		{AE59C48C-B502-430A-939B-40C58583648D}.Release|Any CPU.ActiveCfg = Release|Any CPU
		{AE59C48C-B502-430A-939B-40C58583648D}.Release|Any CPU.Build.0 = Release|Any CPU
		{A6324956-739D-417F-9952-1D44A3667BBE}.Debug|Any CPU.ActiveCfg = Debug|Any CPU
		{A6324956-739D-417F-9952-1D44A3667BBE}.Debug|Any CPU.Build.0 = Debug|Any CPU
		{A6324956-739D-417F-9952-1D44A3667BBE}.Release|Any CPU.ActiveCfg = Release|Any CPU
		{A6324956-739D-417F-9952-1D44A3667BBE}.Release|Any CPU.Build.0 = Release|Any CPU
		{0791EAF1-789C-499C-8351-230F06BE01D1}.Debug|Any CPU.ActiveCfg = Debug|Any CPU
		{0791EAF1-789C-499C-8351-230F06BE01D1}.Debug|Any CPU.Build.0 = Debug|Any CPU
		{0791EAF1-789C-499C-8351-230F06BE01D1}.Release|Any CPU.ActiveCfg = Release|Any CPU
		{0791EAF1-789C-499C-8351-230F06BE01D1}.Release|Any CPU.Build.0 = Release|Any CPU
		{5B2095DC-B30A-43B6-84B8-81BE38F80AF0}.Debug|Any CPU.ActiveCfg = Debug|Any CPU
		{5B2095DC-B30A-43B6-84B8-81BE38F80AF0}.Debug|Any CPU.Build.0 = Debug|Any CPU
		{5B2095DC-B30A-43B6-84B8-81BE38F80AF0}.Release|Any CPU.ActiveCfg = Release|Any CPU
		{5B2095DC-B30A-43B6-84B8-81BE38F80AF0}.Release|Any CPU.Build.0 = Release|Any CPU
		{50FE7E76-EF4F-4621-BFE4-2A2F86C51407}.Debug|Any CPU.ActiveCfg = Debug|Any CPU
		{50FE7E76-EF4F-4621-BFE4-2A2F86C51407}.Debug|Any CPU.Build.0 = Debug|Any CPU
		{50FE7E76-EF4F-4621-BFE4-2A2F86C51407}.Release|Any CPU.ActiveCfg = Release|Any CPU
		{50FE7E76-EF4F-4621-BFE4-2A2F86C51407}.Release|Any CPU.Build.0 = Release|Any CPU
		{1EF934AF-981D-4E85-950A-08331623E1AA}.Debug|Any CPU.ActiveCfg = Debug|Any CPU
		{1EF934AF-981D-4E85-950A-08331623E1AA}.Debug|Any CPU.Build.0 = Debug|Any CPU
		{1EF934AF-981D-4E85-950A-08331623E1AA}.Release|Any CPU.ActiveCfg = Release|Any CPU
		{1EF934AF-981D-4E85-950A-08331623E1AA}.Release|Any CPU.Build.0 = Release|Any CPU
		{2DF0F6D9-A85D-4825-A0DA-C11F90F02646}.Debug|Any CPU.ActiveCfg = Debug|Any CPU
		{2DF0F6D9-A85D-4825-A0DA-C11F90F02646}.Debug|Any CPU.Build.0 = Debug|Any CPU
		{2DF0F6D9-A85D-4825-A0DA-C11F90F02646}.Release|Any CPU.ActiveCfg = Release|Any CPU
		{2DF0F6D9-A85D-4825-A0DA-C11F90F02646}.Release|Any CPU.Build.0 = Release|Any CPU
	EndGlobalSection
	GlobalSection(SolutionProperties) = preSolution
		HideSolutionNode = FALSE
	EndGlobalSection
	GlobalSection(NestedProjects) = preSolution
		{FC8A7C13-52CC-4653-9155-4BB6317AC031} = {66CDB305-1D8F-4F0C-8E67-1D7603F6AFD2}
		{EEFF1685-A6D9-4BC6-A7D6-A8A3F0473541} = {FA8370E3-4A9E-4D11-9BAC-735D7FBCA1B1}
		{E143E3E7-ADF9-4605-B066-41F3D62FD758} = {FA8370E3-4A9E-4D11-9BAC-735D7FBCA1B1}
		{B20DFCB5-1949-4EE2-B002-B2B556D15190} = {9E5AD20E-5FDC-4E74-B488-9C5DDA2BFF77}
		{9E5AD20E-5FDC-4E74-B488-9C5DDA2BFF77} = {F794174B-9085-46A7-83F9-4CC5818E65FA}
		{6E2D886C-1AFB-46A6-A498-F045F8E9F733} = {9E5AD20E-5FDC-4E74-B488-9C5DDA2BFF77}
		{B76B098D-B6CF-483A-80AF-C750CE6E39BE} = {AB96FE29-CB23-42FE-A369-1D8151074D50}
		{AB96FE29-CB23-42FE-A369-1D8151074D50} = {F794174B-9085-46A7-83F9-4CC5818E65FA}
		{AE59C48C-B502-430A-939B-40C58583648D} = {AB96FE29-CB23-42FE-A369-1D8151074D50}
		{A6324956-739D-417F-9952-1D44A3667BBE} = {26953543-F38B-4FD8-AD1C-CE56BD0D696E}
		{0791EAF1-789C-499C-8351-230F06BE01D1} = {26953543-F38B-4FD8-AD1C-CE56BD0D696E}
		{5B2095DC-B30A-43B6-84B8-81BE38F80AF0} = {26953543-F38B-4FD8-AD1C-CE56BD0D696E}
		{50FE7E76-EF4F-4621-BFE4-2A2F86C51407} = {053D9BA7-C0C9-4A35-88CD-3069707D3B30}
		{1EF934AF-981D-4E85-950A-08331623E1AA} = {053D9BA7-C0C9-4A35-88CD-3069707D3B30}
	EndGlobalSection
	GlobalSection(ExtensibilityGlobals) = postSolution
		SolutionGuid = {36710F4F-CC5D-4036-B6B0-AF39D31BE403}
	EndGlobalSection
EndGlobal
